// !$*UTF8*$!
{
	archiveVersion = 1;
	classes = {
	};
	objectVersion = 50;
	objects = {

/* Begin PBXBuildFile section */
		9A128C7D25C14AAE00D084AD /* AppDelegate.swift in Sources */ = {isa = PBXBuildFile; fileRef = 9A128C7C25C14AAE00D084AD /* AppDelegate.swift */; };
		9A128C7F25C14AAE00D084AD /* SceneDelegate.swift in Sources */ = {isa = PBXBuildFile; fileRef = 9A128C7E25C14AAE00D084AD /* SceneDelegate.swift */; };
		9A128C8125C14AAE00D084AD /* ViewController.swift in Sources */ = {isa = PBXBuildFile; fileRef = 9A128C8025C14AAE00D084AD /* ViewController.swift */; };
		9A128C8425C14AAE00D084AD /* Main.storyboard in Resources */ = {isa = PBXBuildFile; fileRef = 9A128C8225C14AAE00D084AD /* Main.storyboard */; };
		9A128C8625C14AAF00D084AD /* Assets.xcassets in Resources */ = {isa = PBXBuildFile; fileRef = 9A128C8525C14AAF00D084AD /* Assets.xcassets */; };
		9A128C8925C14AAF00D084AD /* LaunchScreen.storyboard in Resources */ = {isa = PBXBuildFile; fileRef = 9A128C8725C14AAF00D084AD /* LaunchScreen.storyboard */; };
		9A128C9425C14AAF00D084AD /* PreworkTests.swift in Sources */ = {isa = PBXBuildFile; fileRef = 9A128C9325C14AAF00D084AD /* PreworkTests.swift */; };
		9A128C9F25C14AAF00D084AD /* PreworkUITests.swift in Sources */ = {isa = PBXBuildFile; fileRef = 9A128C9E25C14AAF00D084AD /* PreworkUITests.swift */; };
/* End PBXBuildFile section */

/* Begin PBXContainerItemProxy section */
		9A128C9025C14AAF00D084AD /* PBXContainerItemProxy */ = {
			isa = PBXContainerItemProxy;
			containerPortal = 9A128C7125C14AAE00D084AD /* Project object */;
			proxyType = 1;
			remoteGlobalIDString = 9A128C7825C14AAE00D084AD;
			remoteInfo = Prework;
		};
		9A128C9B25C14AAF00D084AD /* PBXContainerItemProxy */ = {
			isa = PBXContainerItemProxy;
			containerPortal = 9A128C7125C14AAE00D084AD /* Project object */;
			proxyType = 1;
			remoteGlobalIDString = 9A128C7825C14AAE00D084AD;
			remoteInfo = Prework;
		};
/* End PBXContainerItemProxy section */

/* Begin PBXFileReference section */
		9A128C7925C14AAE00D084AD /* Prework.app */ = {isa = PBXFileReference; explicitFileType = wrapper.application; includeInIndex = 0; path = Prework.app; sourceTree = BUILT_PRODUCTS_DIR; };
		9A128C7C25C14AAE00D084AD /* AppDelegate.swift */ = {isa = PBXFileReference; lastKnownFileType = sourcecode.swift; path = AppDelegate.swift; sourceTree = "<group>"; };
		9A128C7E25C14AAE00D084AD /* SceneDelegate.swift */ = {isa = PBXFileReference; lastKnownFileType = sourcecode.swift; path = SceneDelegate.swift; sourceTree = "<group>"; };
		9A128C8025C14AAE00D084AD /* ViewController.swift */ = {isa = PBXFileReference; lastKnownFileType = sourcecode.swift; path = ViewController.swift; sourceTree = "<group>"; };
		9A128C8325C14AAE00D084AD /* Base */ = {isa = PBXFileReference; lastKnownFileType = file.storyboard; name = Base; path = Base.lproj/Main.storyboard; sourceTree = "<group>"; };
		9A128C8525C14AAF00D084AD /* Assets.xcassets */ = {isa = PBXFileReference; lastKnownFileType = folder.assetcatalog; path = Assets.xcassets; sourceTree = "<group>"; };
		9A128C8825C14AAF00D084AD /* Base */ = {isa = PBXFileReference; lastKnownFileType = file.storyboard; name = Base; path = Base.lproj/LaunchScreen.storyboard; sourceTree = "<group>"; };
		9A128C8A25C14AAF00D084AD /* Info.plist */ = {isa = PBXFileReference; lastKnownFileType = text.plist.xml; path = Info.plist; sourceTree = "<group>"; };
		9A128C8F25C14AAF00D084AD /* PreworkTests.xctest */ = {isa = PBXFileReference; explicitFileType = wrapper.cfbundle; includeInIndex = 0; path = PreworkTests.xctest; sourceTree = BUILT_PRODUCTS_DIR; };
		9A128C9325C14AAF00D084AD /* PreworkTests.swift */ = {isa = PBXFileReference; lastKnownFileType = sourcecode.swift; path = PreworkTests.swift; sourceTree = "<group>"; };
		9A128C9525C14AAF00D084AD /* Info.plist */ = {isa = PBXFileReference; lastKnownFileType = text.plist.xml; path = Info.plist; sourceTree = "<group>"; };
		9A128C9A25C14AAF00D084AD /* PreworkUITests.xctest */ = {isa = PBXFileReference; explicitFileType = wrapper.cfbundle; includeInIndex = 0; path = PreworkUITests.xctest; sourceTree = BUILT_PRODUCTS_DIR; };
		9A128C9E25C14AAF00D084AD /* PreworkUITests.swift */ = {isa = PBXFileReference; lastKnownFileType = sourcecode.swift; path = PreworkUITests.swift; sourceTree = "<group>"; };
		9A128CA025C14AAF00D084AD /* Info.plist */ = {isa = PBXFileReference; lastKnownFileType = text.plist.xml; path = Info.plist; sourceTree = "<group>"; };
/* End PBXFileReference section */

/* Begin PBXFrameworksBuildPhase section */
		9A128C7625C14AAE00D084AD /* Frameworks */ = {
			isa = PBXFrameworksBuildPhase;
			buildActionMask = 2147483647;
			files = (
			);
			runOnlyForDeploymentPostprocessing = 0;
		};
		9A128C8C25C14AAF00D084AD /* Frameworks */ = {
			isa = PBXFrameworksBuildPhase;
			buildActionMask = 2147483647;
			files = (
			);
			runOnlyForDeploymentPostprocessing = 0;
		};
		9A128C9725C14AAF00D084AD /* Frameworks */ = {
			isa = PBXFrameworksBuildPhase;
			buildActionMask = 2147483647;
			files = (
			);
			runOnlyForDeploymentPostprocessing = 0;
		};
/* End PBXFrameworksBuildPhase section */

/* Begin PBXGroup section */
		9A128C7025C14AAE00D084AD = {
			isa = PBXGroup;
			children = (
				9A128C7B25C14AAE00D084AD /* Prework */,
				9A128C9225C14AAF00D084AD /* PreworkTests */,
				9A128C9D25C14AAF00D084AD /* PreworkUITests */,
				9A128C7A25C14AAE00D084AD /* Products */,
			);
			sourceTree = "<group>";
		};
		9A128C7A25C14AAE00D084AD /* Products */ = {
			isa = PBXGroup;
			children = (
				9A128C7925C14AAE00D084AD /* Prework.app */,
				9A128C8F25C14AAF00D084AD /* PreworkTests.xctest */,
				9A128C9A25C14AAF00D084AD /* PreworkUITests.xctest */,
			);
			name = Products;
			sourceTree = "<group>";
		};
		9A128C7B25C14AAE00D084AD /* Prework */ = {
			isa = PBXGroup;
			children = (
				9A128C7C25C14AAE00D084AD /* AppDelegate.swift */,
				9A128C7E25C14AAE00D084AD /* SceneDelegate.swift */,
				9A128C8025C14AAE00D084AD /* ViewController.swift */,
				9A128C8225C14AAE00D084AD /* Main.storyboard */,
				9A128C8525C14AAF00D084AD /* Assets.xcassets */,
				9A128C8725C14AAF00D084AD /* LaunchScreen.storyboard */,
				9A128C8A25C14AAF00D084AD /* Info.plist */,
			);
			path = Prework;
			sourceTree = "<group>";
		};
		9A128C9225C14AAF00D084AD /* PreworkTests */ = {
			isa = PBXGroup;
			children = (
				9A128C9325C14AAF00D084AD /* PreworkTests.swift */,
				9A128C9525C14AAF00D084AD /* Info.plist */,
			);
			path = PreworkTests;
			sourceTree = "<group>";
		};
		9A128C9D25C14AAF00D084AD /* PreworkUITests */ = {
			isa = PBXGroup;
			children = (
				9A128C9E25C14AAF00D084AD /* PreworkUITests.swift */,
				9A128CA025C14AAF00D084AD /* Info.plist */,
			);
			path = PreworkUITests;
			sourceTree = "<group>";
		};
/* End PBXGroup section */

/* Begin PBXNativeTarget section */
		9A128C7825C14AAE00D084AD /* Prework */ = {
			isa = PBXNativeTarget;
			buildConfigurationList = 9A128CA325C14AAF00D084AD /* Build configuration list for PBXNativeTarget "Prework" */;
			buildPhases = (
				9A128C7525C14AAE00D084AD /* Sources */,
				9A128C7625C14AAE00D084AD /* Frameworks */,
				9A128C7725C14AAE00D084AD /* Resources */,
			);
			buildRules = (
			);
			dependencies = (
			);
			name = Prework;
			productName = Prework;
			productReference = 9A128C7925C14AAE00D084AD /* Prework.app */;
			productType = "com.apple.product-type.application";
		};
		9A128C8E25C14AAF00D084AD /* PreworkTests */ = {
			isa = PBXNativeTarget;
			buildConfigurationList = 9A128CA625C14AAF00D084AD /* Build configuration list for PBXNativeTarget "PreworkTests" */;
			buildPhases = (
				9A128C8B25C14AAF00D084AD /* Sources */,
				9A128C8C25C14AAF00D084AD /* Frameworks */,
				9A128C8D25C14AAF00D084AD /* Resources */,
			);
			buildRules = (
			);
			dependencies = (
				9A128C9125C14AAF00D084AD /* PBXTargetDependency */,
			);
			name = PreworkTests;
			productName = PreworkTests;
			productReference = 9A128C8F25C14AAF00D084AD /* PreworkTests.xctest */;
			productType = "com.apple.product-type.bundle.unit-test";
		};
		9A128C9925C14AAF00D084AD /* PreworkUITests */ = {
			isa = PBXNativeTarget;
			buildConfigurationList = 9A128CA925C14AAF00D084AD /* Build configuration list for PBXNativeTarget "PreworkUITests" */;
			buildPhases = (
				9A128C9625C14AAF00D084AD /* Sources */,
				9A128C9725C14AAF00D084AD /* Frameworks */,
				9A128C9825C14AAF00D084AD /* Resources */,
			);
			buildRules = (
			);
			dependencies = (
				9A128C9C25C14AAF00D084AD /* PBXTargetDependency */,
			);
			name = PreworkUITests;
			productName = PreworkUITests;
			productReference = 9A128C9A25C14AAF00D084AD /* PreworkUITests.xctest */;
			productType = "com.apple.product-type.bundle.ui-testing";
		};
/* End PBXNativeTarget section */

/* Begin PBXProject section */
		9A128C7125C14AAE00D084AD /* Project object */ = {
			isa = PBXProject;
			attributes = {
				LastSwiftUpdateCheck = 1230;
				LastUpgradeCheck = 1230;
				TargetAttributes = {
					9A128C7825C14AAE00D084AD = {
						CreatedOnToolsVersion = 12.3;
					};
					9A128C8E25C14AAF00D084AD = {
						CreatedOnToolsVersion = 12.3;
						TestTargetID = 9A128C7825C14AAE00D084AD;
					};
					9A128C9925C14AAF00D084AD = {
						CreatedOnToolsVersion = 12.3;
						TestTargetID = 9A128C7825C14AAE00D084AD;
					};
				};
			};
			buildConfigurationList = 9A128C7425C14AAE00D084AD /* Build configuration list for PBXProject "Prework" */;
			compatibilityVersion = "Xcode 9.3";
			developmentRegion = en;
			hasScannedForEncodings = 0;
			knownRegions = (
				en,
				Base,
			);
			mainGroup = 9A128C7025C14AAE00D084AD;
			productRefGroup = 9A128C7A25C14AAE00D084AD /* Products */;
			projectDirPath = "";
			projectRoot = "";
			targets = (
				9A128C7825C14AAE00D084AD /* Prework */,
				9A128C8E25C14AAF00D084AD /* PreworkTests */,
				9A128C9925C14AAF00D084AD /* PreworkUITests */,
			);
		};
/* End PBXProject section */

/* Begin PBXResourcesBuildPhase section */
		9A128C7725C14AAE00D084AD /* Resources */ = {
			isa = PBXResourcesBuildPhase;
			buildActionMask = 2147483647;
			files = (
				9A128C8925C14AAF00D084AD /* LaunchScreen.storyboard in Resources */,
				9A128C8625C14AAF00D084AD /* Assets.xcassets in Resources */,
				9A128C8425C14AAE00D084AD /* Main.storyboard in Resources */,
			);
			runOnlyForDeploymentPostprocessing = 0;
		};
		9A128C8D25C14AAF00D084AD /* Resources */ = {
			isa = PBXResourcesBuildPhase;
			buildActionMask = 2147483647;
			files = (
			);
			runOnlyForDeploymentPostprocessing = 0;
		};
		9A128C9825C14AAF00D084AD /* Resources */ = {
			isa = PBXResourcesBuildPhase;
			buildActionMask = 2147483647;
			files = (
			);
			runOnlyForDeploymentPostprocessing = 0;
		};
/* End PBXResourcesBuildPhase section */

/* Begin PBXSourcesBuildPhase section */
		9A128C7525C14AAE00D084AD /* Sources */ = {
			isa = PBXSourcesBuildPhase;
			buildActionMask = 2147483647;
			files = (
				9A128C8125C14AAE00D084AD /* ViewController.swift in Sources */,
				9A128C7D25C14AAE00D084AD /* AppDelegate.swift in Sources */,
				9A128C7F25C14AAE00D084AD /* SceneDelegate.swift in Sources */,
			);
			runOnlyForDeploymentPostprocessing = 0;
		};
		9A128C8B25C14AAF00D084AD /* Sources */ = {
			isa = PBXSourcesBuildPhase;
			buildActionMask = 2147483647;
			files = (
				9A128C9425C14AAF00D084AD /* PreworkTests.swift in Sources */,
			);
			runOnlyForDeploymentPostprocessing = 0;
		};
		9A128C9625C14AAF00D084AD /* Sources */ = {
			isa = PBXSourcesBuildPhase;
			buildActionMask = 2147483647;
			files = (
				9A128C9F25C14AAF00D084AD /* PreworkUITests.swift in Sources */,
			);
			runOnlyForDeploymentPostprocessing = 0;
		};
/* End PBXSourcesBuildPhase section */

/* Begin PBXTargetDependency section */
		9A128C9125C14AAF00D084AD /* PBXTargetDependency */ = {
			isa = PBXTargetDependency;
			target = 9A128C7825C14AAE00D084AD /* Prework */;
			targetProxy = 9A128C9025C14AAF00D084AD /* PBXContainerItemProxy */;
		};
		9A128C9C25C14AAF00D084AD /* PBXTargetDependency */ = {
			isa = PBXTargetDependency;
			target = 9A128C7825C14AAE00D084AD /* Prework */;
			targetProxy = 9A128C9B25C14AAF00D084AD /* PBXContainerItemProxy */;
		};
/* End PBXTargetDependency section */

/* Begin PBXVariantGroup section */
		9A128C8225C14AAE00D084AD /* Main.storyboard */ = {
			isa = PBXVariantGroup;
			children = (
				9A128C8325C14AAE00D084AD /* Base */,
			);
			name = Main.storyboard;
			sourceTree = "<group>";
		};
		9A128C8725C14AAF00D084AD /* LaunchScreen.storyboard */ = {
			isa = PBXVariantGroup;
			children = (
				9A128C8825C14AAF00D084AD /* Base */,
			);
			name = LaunchScreen.storyboard;
			sourceTree = "<group>";
		};
/* End PBXVariantGroup section */

/* Begin XCBuildConfiguration section */
		9A128CA125C14AAF00D084AD /* Debug */ = {
			isa = XCBuildConfiguration;
			buildSettings = {
				ALWAYS_SEARCH_USER_PATHS = NO;
				CLANG_ANALYZER_NONNULL = YES;
				CLANG_ANALYZER_NUMBER_OBJECT_CONVERSION = YES_AGGRESSIVE;
				CLANG_CXX_LANGUAGE_STANDARD = "gnu++14";
				CLANG_CXX_LIBRARY = "libc++";
				CLANG_ENABLE_MODULES = YES;
				CLANG_ENABLE_OBJC_ARC = YES;
				CLANG_ENABLE_OBJC_WEAK = YES;
				CLANG_WARN_BLOCK_CAPTURE_AUTORELEASING = YES;
				CLANG_WARN_BOOL_CONVERSION = YES;
				CLANG_WARN_COMMA = YES;
				CLANG_WARN_CONSTANT_CONVERSION = YES;
				CLANG_WARN_DEPRECATED_OBJC_IMPLEMENTATIONS = YES;
				CLANG_WARN_DIRECT_OBJC_ISA_USAGE = YES_ERROR;
				CLANG_WARN_DOCUMENTATION_COMMENTS = YES;
				CLANG_WARN_EMPTY_BODY = YES;
				CLANG_WARN_ENUM_CONVERSION = YES;
				CLANG_WARN_INFINITE_RECURSION = YES;
				CLANG_WARN_INT_CONVERSION = YES;
				CLANG_WARN_NON_LITERAL_NULL_CONVERSION = YES;
				CLANG_WARN_OBJC_IMPLICIT_RETAIN_SELF = YES;
				CLANG_WARN_OBJC_LITERAL_CONVERSION = YES;
				CLANG_WARN_OBJC_ROOT_CLASS = YES_ERROR;
				CLANG_WARN_QUOTED_INCLUDE_IN_FRAMEWORK_HEADER = YES;
				CLANG_WARN_RANGE_LOOP_ANALYSIS = YES;
				CLANG_WARN_STRICT_PROTOTYPES = YES;
				CLANG_WARN_SUSPICIOUS_MOVE = YES;
				CLANG_WARN_UNGUARDED_AVAILABILITY = YES_AGGRESSIVE;
				CLANG_WARN_UNREACHABLE_CODE = YES;
				CLANG_WARN__DUPLICATE_METHOD_MATCH = YES;
				COPY_PHASE_STRIP = NO;
				DEBUG_INFORMATION_FORMAT = dwarf;
				ENABLE_STRICT_OBJC_MSGSEND = YES;
				ENABLE_TESTABILITY = YES;
				GCC_C_LANGUAGE_STANDARD = gnu11;
				GCC_DYNAMIC_NO_PIC = NO;
				GCC_NO_COMMON_BLOCKS = YES;
				GCC_OPTIMIZATION_LEVEL = 0;
				GCC_PREPROCESSOR_DEFINITIONS = (
					"DEBUG=1",
					"$(inherited)",
				);
				GCC_WARN_64_TO_32_BIT_CONVERSION = YES;
				GCC_WARN_ABOUT_RETURN_TYPE = YES_ERROR;
				GCC_WARN_UNDECLARED_SELECTOR = YES;
				GCC_WARN_UNINITIALIZED_AUTOS = YES_AGGRESSIVE;
				GCC_WARN_UNUSED_FUNCTION = YES;
				GCC_WARN_UNUSED_VARIABLE = YES;
				IPHONEOS_DEPLOYMENT_TARGET = 14.3;
				MTL_ENABLE_DEBUG_INFO = INCLUDE_SOURCE;
				MTL_FAST_MATH = YES;
				ONLY_ACTIVE_ARCH = YES;
				SDKROOT = iphoneos;
				SWIFT_ACTIVE_COMPILATION_CONDITIONS = DEBUG;
				SWIFT_OPTIMIZATION_LEVEL = "-Onone";
			};
			name = Debug;
		};
		9A128CA225C14AAF00D084AD /* Release */ = {
			isa = XCBuildConfiguration;
			buildSettings = {
				ALWAYS_SEARCH_USER_PATHS = NO;
				CLANG_ANALYZER_NONNULL = YES;
				CLANG_ANALYZER_NUMBER_OBJECT_CONVERSION = YES_AGGRESSIVE;
				CLANG_CXX_LANGUAGE_STANDARD = "gnu++14";
				CLANG_CXX_LIBRARY = "libc++";
				CLANG_ENABLE_MODULES = YES;
				CLANG_ENABLE_OBJC_ARC = YES;
				CLANG_ENABLE_OBJC_WEAK = YES;
				CLANG_WARN_BLOCK_CAPTURE_AUTORELEASING = YES;
				CLANG_WARN_BOOL_CONVERSION = YES;
				CLANG_WARN_COMMA = YES;
				CLANG_WARN_CONSTANT_CONVERSION = YES;
				CLANG_WARN_DEPRECATED_OBJC_IMPLEMENTATIONS = YES;
				CLANG_WARN_DIRECT_OBJC_ISA_USAGE = YES_ERROR;
				CLANG_WARN_DOCUMENTATION_COMMENTS = YES;
				CLANG_WARN_EMPTY_BODY = YES;
				CLANG_WARN_ENUM_CONVERSION = YES;
				CLANG_WARN_INFINITE_RECURSION = YES;
				CLANG_WARN_INT_CONVERSION = YES;
				CLANG_WARN_NON_LITERAL_NULL_CONVERSION = YES;
				CLANG_WARN_OBJC_IMPLICIT_RETAIN_SELF = YES;
				CLANG_WARN_OBJC_LITERAL_CONVERSION = YES;
				CLANG_WARN_OBJC_ROOT_CLASS = YES_ERROR;
				CLANG_WARN_QUOTED_INCLUDE_IN_FRAMEWORK_HEADER = YES;
				CLANG_WARN_RANGE_LOOP_ANALYSIS = YES;
				CLANG_WARN_STRICT_PROTOTYPES = YES;
				CLANG_WARN_SUSPICIOUS_MOVE = YES;
				CLANG_WARN_UNGUARDED_AVAILABILITY = YES_AGGRESSIVE;
				CLANG_WARN_UNREACHABLE_CODE = YES;
				CLANG_WARN__DUPLICATE_METHOD_MATCH = YES;
				COPY_PHASE_STRIP = NO;
				DEBUG_INFORMATION_FORMAT = "dwarf-with-dsym";
				ENABLE_NS_ASSERTIONS = NO;
				ENABLE_STRICT_OBJC_MSGSEND = YES;
				GCC_C_LANGUAGE_STANDARD = gnu11;
				GCC_NO_COMMON_BLOCKS = YES;
				GCC_WARN_64_TO_32_BIT_CONVERSION = YES;
				GCC_WARN_ABOUT_RETURN_TYPE = YES_ERROR;
				GCC_WARN_UNDECLARED_SELECTOR = YES;
				GCC_WARN_UNINITIALIZED_AUTOS = YES_AGGRESSIVE;
				GCC_WARN_UNUSED_FUNCTION = YES;
				GCC_WARN_UNUSED_VARIABLE = YES;
				IPHONEOS_DEPLOYMENT_TARGET = 14.3;
				MTL_ENABLE_DEBUG_INFO = NO;
				MTL_FAST_MATH = YES;
				SDKROOT = iphoneos;
				SWIFT_COMPILATION_MODE = wholemodule;
				SWIFT_OPTIMIZATION_LEVEL = "-O";
				VALIDATE_PRODUCT = YES;
			};
			name = Release;
		};
		9A128CA425C14AAF00D084AD /* Debug */ = {
			isa = XCBuildConfiguration;
			buildSettings = {
				ASSETCATALOG_COMPILER_APPICON_NAME = AppIcon;
				ASSETCATALOG_COMPILER_GLOBAL_ACCENT_COLOR_NAME = AccentColor;
				CODE_SIGN_STYLE = Automatic;
				INFOPLIST_FILE = Prework/Info.plist;
				LD_RUNPATH_SEARCH_PATHS = (
					"$(inherited)",
					"@executable_path/Frameworks",
				);
				PRODUCT_BUNDLE_IDENTIFIER = hsaleem.Prework;
				PRODUCT_NAME = "$(TARGET_NAME)";
				SWIFT_VERSION = 5.0;
				TARGETED_DEVICE_FAMILY = "1,2";
			};
			name = Debug;
		};
		9A128CA525C14AAF00D084AD /* Release */ = {
			isa = XCBuildConfiguration;
			buildSettings = {
				ASSETCATALOG_COMPILER_APPICON_NAME = AppIcon;
				ASSETCATALOG_COMPILER_GLOBAL_ACCENT_COLOR_NAME = AccentColor;
				CODE_SIGN_STYLE = Automatic;
				INFOPLIST_FILE = Prework/Info.plist;
				LD_RUNPATH_SEARCH_PATHS = (
					"$(inherited)",
					"@executable_path/Frameworks",
				);
				PRODUCT_BUNDLE_IDENTIFIER = hsaleem.Prework;
				PRODUCT_NAME = "$(TARGET_NAME)";
				SWIFT_VERSION = 5.0;
				TARGETED_DEVICE_FAMILY = "1,2";
			};
			name = Release;
		};
		9A128CA725C14AAF00D084AD /* Debug */ = {
			isa = XCBuildConfiguration;
			buildSettings = {
				ALWAYS_EMBED_SWIFT_STANDARD_LIBRARIES = YES;
				BUNDLE_LOADER = "$(TEST_HOST)";
				CODE_SIGN_STYLE = Automatic;
				INFOPLIST_FILE = PreworkTests/Info.plist;
				IPHONEOS_DEPLOYMENT_TARGET = 14.3;
				LD_RUNPATH_SEARCH_PATHS = (
					"$(inherited)",
					"@executable_path/Frameworks",
					"@loader_path/Frameworks",
				);
				PRODUCT_BUNDLE_IDENTIFIER = hsaleem.PreworkTests;
				PRODUCT_NAME = "$(TARGET_NAME)";
				SWIFT_VERSION = 5.0;
				TARGETED_DEVICE_FAMILY = "1,2";
				TEST_HOST = "$(BUILT_PRODUCTS_DIR)/Prework.app/Prework";
			};
			name = Debug;
		};
		9A128CA825C14AAF00D084AD /* Release */ = {
			isa = XCBuildConfiguration;
			buildSettings = {
				ALWAYS_EMBED_SWIFT_STANDARD_LIBRARIES = YES;
				BUNDLE_LOADER = "$(TEST_HOST)";
				CODE_SIGN_STYLE = Automatic;
				INFOPLIST_FILE = PreworkTests/Info.plist;
				IPHONEOS_DEPLOYMENT_TARGET = 14.3;
				LD_RUNPATH_SEARCH_PATHS = (
					"$(inherited)",
					"@executable_path/Frameworks",
					"@loader_path/Frameworks",
				);
				PRODUCT_BUNDLE_IDENTIFIER = hsaleem.PreworkTests;
				PRODUCT_NAME = "$(TARGET_NAME)";
				SWIFT_VERSION = 5.0;
				TARGETED_DEVICE_FAMILY = "1,2";
				TEST_HOST = "$(BUILT_PRODUCTS_DIR)/Prework.app/Prework";
			};
			name = Release;
		};
		9A128CAA25C14AAF00D084AD /* Debug */ = {
			isa = XCBuildConfiguration;
			buildSettings = {
				ALWAYS_EMBED_SWIFT_STANDARD_LIBRARIES = YES;
				CODE_SIGN_STYLE = Automatic;
				INFOPLIST_FILE = PreworkUITests/Info.plist;
				LD_RUNPATH_SEARCH_PATHS = (
					"$(inherited)",
					"@executable_path/Frameworks",
					"@loader_path/Frameworks",
				);
				PRODUCT_BUNDLE_IDENTIFIER = hsaleem.PreworkUITests;
				PRODUCT_NAME = "$(TARGET_NAME)";
				SWIFT_VERSION = 5.0;
				TARGETED_DEVICE_FAMILY = "1,2";
				TEST_TARGET_NAME = Prework;
			};
			name = Debug;
		};
		9A128CAB25C14AAF00D084AD /* Release */ = {
			isa = XCBuildConfiguration;
			buildSettings = {
				ALWAYS_EMBED_SWIFT_STANDARD_LIBRARIES = YES;
				CODE_SIGN_STYLE = Automatic;
				INFOPLIST_FILE = PreworkUITests/Info.plist;
				LD_RUNPATH_SEARCH_PATHS = (
					"$(inherited)",
					"@executable_path/Frameworks",
					"@loader_path/Frameworks",
				);
				PRODUCT_BUNDLE_IDENTIFIER = hsaleem.PreworkUITests;
				PRODUCT_NAME = "$(TARGET_NAME)";
				SWIFT_VERSION = 5.0;
				TARGETED_DEVICE_FAMILY = "1,2";
				TEST_TARGET_NAME = Prework;
			};
			name = Release;
		};
/* End XCBuildConfiguration section */

/* Begin XCConfigurationList section */
		9A128C7425C14AAE00D084AD /* Build configuration list for PBXProject "Prework" */ = {
			isa = XCConfigurationList;
			buildConfigurations = (
				9A128CA125C14AAF00D084AD /* Debug */,
				9A128CA225C14AAF00D084AD /* Release */,
			);
			defaultConfigurationIsVisible = 0;
			defaultConfigurationName = Release;
		};
		9A128CA325C14AAF00D084AD /* Build configuration list for PBXNativeTarget "Prework" */ = {
			isa = XCConfigurationList;
			buildConfigurations = (
				9A128CA425C14AAF00D084AD /* Debug */,
				9A128CA525C14AAF00D084AD /* Release */,
			);
			defaultConfigurationIsVisible = 0;
			defaultConfigurationName = Release;
		};
		9A128CA625C14AAF00D084AD /* Build configuration list for PBXNativeTarget "PreworkTests" */ = {
			isa = XCConfigurationList;
			buildConfigurations = (
				9A128CA725C14AAF00D084AD /* Debug */,
				9A128CA825C14AAF00D084AD /* Release */,
			);
			defaultConfigurationIsVisible = 0;
			defaultConfigurationName = Release;
		};
		9A128CA925C14AAF00D084AD /* Build configuration list for PBXNativeTarget "PreworkUITests" */ = {
			isa = XCConfigurationList;
			buildConfigurations = (
				9A128CAA25C14AAF00D084AD /* Debug */,
				9A128CAB25C14AAF00D084AD /* Release */,
			);
			defaultConfigurationIsVisible = 0;
			defaultConfigurationName = Release;
		};
/* End XCConfigurationList section */
	};
	rootObject = 9A128C7125C14AAE00D084AD /* Project object */;
}
